// !$*UTF8*$!
{
	archiveVersion = 1;
	classes = {
	};
	objectVersion = 52;
	objects = {

/* Begin PBXBuildFile section */
		913DA40B25CA02D9003CF9D5 /* TCA_PlaygroundApp.swift in Sources */ = {isa = PBXBuildFile; fileRef = 913DA3F825CA02D8003CF9D5 /* TCA_PlaygroundApp.swift */; };
		913DA40C25CA02D9003CF9D5 /* TCA_PlaygroundApp.swift in Sources */ = {isa = PBXBuildFile; fileRef = 913DA3F825CA02D8003CF9D5 /* TCA_PlaygroundApp.swift */; };
		913DA40D25CA02D9003CF9D5 /* ContentView.swift in Sources */ = {isa = PBXBuildFile; fileRef = 913DA3F925CA02D8003CF9D5 /* ContentView.swift */; };
		913DA40E25CA02D9003CF9D5 /* ContentView.swift in Sources */ = {isa = PBXBuildFile; fileRef = 913DA3F925CA02D8003CF9D5 /* ContentView.swift */; };
		913DA40F25CA02D9003CF9D5 /* Assets.xcassets in Resources */ = {isa = PBXBuildFile; fileRef = 913DA3FA25CA02D9003CF9D5 /* Assets.xcassets */; };
		913DA41025CA02D9003CF9D5 /* Assets.xcassets in Resources */ = {isa = PBXBuildFile; fileRef = 913DA3FA25CA02D9003CF9D5 /* Assets.xcassets */; };
		913DA41D25CA036E003CF9D5 /* ComposableArchitecture in Frameworks */ = {isa = PBXBuildFile; productRef = 913DA41C25CA036E003CF9D5 /* ComposableArchitecture */; };
		913DA42225CA037C003CF9D5 /* ComposableArchitecture in Frameworks */ = {isa = PBXBuildFile; productRef = 913DA42125CA037C003CF9D5 /* ComposableArchitecture */; };
		913DA42725CA03B5003CF9D5 /* AppReducer.swift in Sources */ = {isa = PBXBuildFile; fileRef = 913DA42625CA03B5003CF9D5 /* AppReducer.swift */; };
		913DA42825CA03B5003CF9D5 /* AppReducer.swift in Sources */ = {isa = PBXBuildFile; fileRef = 913DA42625CA03B5003CF9D5 /* AppReducer.swift */; };
		913DA42C25CA04E5003CF9D5 /* AppState.swift in Sources */ = {isa = PBXBuildFile; fileRef = 913DA42B25CA04E5003CF9D5 /* AppState.swift */; };
		913DA42D25CA04E5003CF9D5 /* AppState.swift in Sources */ = {isa = PBXBuildFile; fileRef = 913DA42B25CA04E5003CF9D5 /* AppState.swift */; };
		913DA43125CA04F1003CF9D5 /* AppEnvironment.swift in Sources */ = {isa = PBXBuildFile; fileRef = 913DA43025CA04F1003CF9D5 /* AppEnvironment.swift */; };
		913DA43225CA04F1003CF9D5 /* AppEnvironment.swift in Sources */ = {isa = PBXBuildFile; fileRef = 913DA43025CA04F1003CF9D5 /* AppEnvironment.swift */; };
		913DA43825CA0507003CF9D5 /* AppAction.swift in Sources */ = {isa = PBXBuildFile; fileRef = 913DA43725CA0507003CF9D5 /* AppAction.swift */; };
		913DA43925CA0507003CF9D5 /* AppAction.swift in Sources */ = {isa = PBXBuildFile; fileRef = 913DA43725CA0507003CF9D5 /* AppAction.swift */; };
/* End PBXBuildFile section */

/* Begin PBXFileReference section */
		913DA3F825CA02D8003CF9D5 /* TCA_PlaygroundApp.swift */ = {isa = PBXFileReference; lastKnownFileType = sourcecode.swift; path = TCA_PlaygroundApp.swift; sourceTree = "<group>"; };
		913DA3F925CA02D8003CF9D5 /* ContentView.swift */ = {isa = PBXFileReference; lastKnownFileType = sourcecode.swift; path = ContentView.swift; sourceTree = "<group>"; };
		913DA3FA25CA02D9003CF9D5 /* Assets.xcassets */ = {isa = PBXFileReference; lastKnownFileType = folder.assetcatalog; path = Assets.xcassets; sourceTree = "<group>"; };
		913DA3FF25CA02D9003CF9D5 /* TCA-Playground.app */ = {isa = PBXFileReference; explicitFileType = wrapper.application; includeInIndex = 0; path = "TCA-Playground.app"; sourceTree = BUILT_PRODUCTS_DIR; };
		913DA40225CA02D9003CF9D5 /* Info.plist */ = {isa = PBXFileReference; lastKnownFileType = text.plist.xml; path = Info.plist; sourceTree = "<group>"; };
		913DA40725CA02D9003CF9D5 /* TCA-Playground.app */ = {isa = PBXFileReference; explicitFileType = wrapper.application; includeInIndex = 0; path = "TCA-Playground.app"; sourceTree = BUILT_PRODUCTS_DIR; };
		913DA40925CA02D9003CF9D5 /* Info.plist */ = {isa = PBXFileReference; lastKnownFileType = text.plist.xml; path = Info.plist; sourceTree = "<group>"; };
		913DA40A25CA02D9003CF9D5 /* macOS.entitlements */ = {isa = PBXFileReference; lastKnownFileType = text.plist.entitlements; path = macOS.entitlements; sourceTree = "<group>"; };
		913DA42625CA03B5003CF9D5 /* AppReducer.swift */ = {isa = PBXFileReference; lastKnownFileType = sourcecode.swift; path = AppReducer.swift; sourceTree = "<group>"; };
		913DA42B25CA04E5003CF9D5 /* AppState.swift */ = {isa = PBXFileReference; lastKnownFileType = sourcecode.swift; path = AppState.swift; sourceTree = "<group>"; };
		913DA43025CA04F1003CF9D5 /* AppEnvironment.swift */ = {isa = PBXFileReference; lastKnownFileType = sourcecode.swift; path = AppEnvironment.swift; sourceTree = "<group>"; };
		913DA43725CA0507003CF9D5 /* AppAction.swift */ = {isa = PBXFileReference; lastKnownFileType = sourcecode.swift; path = AppAction.swift; sourceTree = "<group>"; };
/* End PBXFileReference section */

/* Begin PBXFrameworksBuildPhase section */
		913DA3FC25CA02D9003CF9D5 /* Frameworks */ = {
			isa = PBXFrameworksBuildPhase;
			buildActionMask = 2147483647;
			files = (
				913DA41D25CA036E003CF9D5 /* ComposableArchitecture in Frameworks */,
			);
			runOnlyForDeploymentPostprocessing = 0;
		};
		913DA40425CA02D9003CF9D5 /* Frameworks */ = {
			isa = PBXFrameworksBuildPhase;
			buildActionMask = 2147483647;
			files = (
				913DA42225CA037C003CF9D5 /* ComposableArchitecture in Frameworks */,
			);
			runOnlyForDeploymentPostprocessing = 0;
		};
/* End PBXFrameworksBuildPhase section */

/* Begin PBXGroup section */
		913DA3F225CA02D7003CF9D5 = {
			isa = PBXGroup;
			children = (
				913DA3F725CA02D8003CF9D5 /* Shared */,
				913DA40125CA02D9003CF9D5 /* iOS */,
				913DA40825CA02D9003CF9D5 /* macOS */,
				913DA40025CA02D9003CF9D5 /* Products */,
				913DA42025CA037C003CF9D5 /* Frameworks */,
			);
			sourceTree = "<group>";
		};
		913DA3F725CA02D8003CF9D5 /* Shared */ = {
			isa = PBXGroup;
			children = (
				913DA42525CA03A1003CF9D5 /* App */,
				913DA3F825CA02D8003CF9D5 /* TCA_PlaygroundApp.swift */,
				913DA3F925CA02D8003CF9D5 /* ContentView.swift */,
				913DA3FA25CA02D9003CF9D5 /* Assets.xcassets */,
			);
			path = Shared;
			sourceTree = "<group>";
		};
		913DA40025CA02D9003CF9D5 /* Products */ = {
			isa = PBXGroup;
			children = (
				913DA3FF25CA02D9003CF9D5 /* TCA-Playground.app */,
				913DA40725CA02D9003CF9D5 /* TCA-Playground.app */,
			);
			name = Products;
			sourceTree = "<group>";
		};
		913DA40125CA02D9003CF9D5 /* iOS */ = {
			isa = PBXGroup;
			children = (
				913DA40225CA02D9003CF9D5 /* Info.plist */,
			);
			path = iOS;
			sourceTree = "<group>";
		};
		913DA40825CA02D9003CF9D5 /* macOS */ = {
			isa = PBXGroup;
			children = (
				913DA40925CA02D9003CF9D5 /* Info.plist */,
				913DA40A25CA02D9003CF9D5 /* macOS.entitlements */,
			);
			path = macOS;
			sourceTree = "<group>";
		};
		913DA42025CA037C003CF9D5 /* Frameworks */ = {
			isa = PBXGroup;
			children = (
			);
			name = Frameworks;
			sourceTree = "<group>";
		};
		913DA42525CA03A1003CF9D5 /* App */ = {
			isa = PBXGroup;
			children = (
				913DA43725CA0507003CF9D5 /* AppAction.swift */,
				913DA43025CA04F1003CF9D5 /* AppEnvironment.swift */,
				913DA42625CA03B5003CF9D5 /* AppReducer.swift */,
				913DA42B25CA04E5003CF9D5 /* AppState.swift */,
			);
			path = App;
			sourceTree = "<group>";
		};
/* End PBXGroup section */

/* Begin PBXNativeTarget section */
		913DA3FE25CA02D9003CF9D5 /* TCA-Playground (iOS) */ = {
			isa = PBXNativeTarget;
			buildConfigurationList = 913DA41325CA02D9003CF9D5 /* Build configuration list for PBXNativeTarget "TCA-Playground (iOS)" */;
			buildPhases = (
				913DA3FB25CA02D9003CF9D5 /* Sources */,
				913DA3FC25CA02D9003CF9D5 /* Frameworks */,
				913DA3FD25CA02D9003CF9D5 /* Resources */,
			);
			buildRules = (
			);
			dependencies = (
			);
			name = "TCA-Playground (iOS)";
			packageProductDependencies = (
				913DA41C25CA036E003CF9D5 /* ComposableArchitecture */,
			);
			productName = "TCA-Playground (iOS)";
			productReference = 913DA3FF25CA02D9003CF9D5 /* TCA-Playground.app */;
			productType = "com.apple.product-type.application";
		};
		913DA40625CA02D9003CF9D5 /* TCA-Playground (macOS) */ = {
			isa = PBXNativeTarget;
			buildConfigurationList = 913DA41625CA02D9003CF9D5 /* Build configuration list for PBXNativeTarget "TCA-Playground (macOS)" */;
			buildPhases = (
				913DA40325CA02D9003CF9D5 /* Sources */,
				913DA40425CA02D9003CF9D5 /* Frameworks */,
				913DA40525CA02D9003CF9D5 /* Resources */,
			);
			buildRules = (
			);
			dependencies = (
			);
			name = "TCA-Playground (macOS)";
			packageProductDependencies = (
				913DA42125CA037C003CF9D5 /* ComposableArchitecture */,
			);
			productName = "TCA-Playground (macOS)";
			productReference = 913DA40725CA02D9003CF9D5 /* TCA-Playground.app */;
			productType = "com.apple.product-type.application";
		};
/* End PBXNativeTarget section */

/* Begin PBXProject section */
		913DA3F325CA02D7003CF9D5 /* Project object */ = {
			isa = PBXProject;
			attributes = {
				LastSwiftUpdateCheck = 1240;
				LastUpgradeCheck = 1240;
				TargetAttributes = {
					913DA3FE25CA02D9003CF9D5 = {
						CreatedOnToolsVersion = 12.4;
					};
					913DA40625CA02D9003CF9D5 = {
						CreatedOnToolsVersion = 12.4;
					};
				};
			};
			buildConfigurationList = 913DA3F625CA02D7003CF9D5 /* Build configuration list for PBXProject "TCA-Playground" */;
			compatibilityVersion = "Xcode 9.3";
			developmentRegion = en;
			hasScannedForEncodings = 0;
			knownRegions = (
				en,
				Base,
			);
			mainGroup = 913DA3F225CA02D7003CF9D5;
			packageReferences = (
				913DA41B25CA036E003CF9D5 /* XCRemoteSwiftPackageReference "swift-composable-architecture" */,
			);
			productRefGroup = 913DA40025CA02D9003CF9D5 /* Products */;
			projectDirPath = "";
			projectRoot = "";
			targets = (
				913DA3FE25CA02D9003CF9D5 /* TCA-Playground (iOS) */,
				913DA40625CA02D9003CF9D5 /* TCA-Playground (macOS) */,
			);
		};
/* End PBXProject section */

/* Begin PBXResourcesBuildPhase section */
		913DA3FD25CA02D9003CF9D5 /* Resources */ = {
			isa = PBXResourcesBuildPhase;
			buildActionMask = 2147483647;
			files = (
				913DA40F25CA02D9003CF9D5 /* Assets.xcassets in Resources */,
			);
			runOnlyForDeploymentPostprocessing = 0;
		};
		913DA40525CA02D9003CF9D5 /* Resources */ = {
			isa = PBXResourcesBuildPhase;
			buildActionMask = 2147483647;
			files = (
				913DA41025CA02D9003CF9D5 /* Assets.xcassets in Resources */,
			);
			runOnlyForDeploymentPostprocessing = 0;
		};
/* End PBXResourcesBuildPhase section */

/* Begin PBXSourcesBuildPhase section */
		913DA3FB25CA02D9003CF9D5 /* Sources */ = {
			isa = PBXSourcesBuildPhase;
			buildActionMask = 2147483647;
			files = (
				913DA43125CA04F1003CF9D5 /* AppEnvironment.swift in Sources */,
				913DA43825CA0507003CF9D5 /* AppAction.swift in Sources */,
				913DA42725CA03B5003CF9D5 /* AppReducer.swift in Sources */,
				913DA40D25CA02D9003CF9D5 /* ContentView.swift in Sources */,
				913DA40B25CA02D9003CF9D5 /* TCA_PlaygroundApp.swift in Sources */,
				913DA42C25CA04E5003CF9D5 /* AppState.swift in Sources */,
			);
			runOnlyForDeploymentPostprocessing = 0;
		};
		913DA40325CA02D9003CF9D5 /* Sources */ = {
			isa = PBXSourcesBuildPhase;
			buildActionMask = 2147483647;
			files = (
				913DA43225CA04F1003CF9D5 /* AppEnvironment.swift in Sources */,
				913DA43925CA0507003CF9D5 /* AppAction.swift in Sources */,
				913DA42825CA03B5003CF9D5 /* AppReducer.swift in Sources */,
				913DA40E25CA02D9003CF9D5 /* ContentView.swift in Sources */,
				913DA40C25CA02D9003CF9D5 /* TCA_PlaygroundApp.swift in Sources */,
				913DA42D25CA04E5003CF9D5 /* AppState.swift in Sources */,
			);
			runOnlyForDeploymentPostprocessing = 0;
		};
/* End PBXSourcesBuildPhase section */

/* Begin XCBuildConfiguration section */
		913DA41125CA02D9003CF9D5 /* Debug */ = {
			isa = XCBuildConfiguration;
			buildSettings = {
				ALWAYS_SEARCH_USER_PATHS = NO;
				CLANG_ANALYZER_NONNULL = YES;
				CLANG_ANALYZER_NUMBER_OBJECT_CONVERSION = YES_AGGRESSIVE;
				CLANG_CXX_LANGUAGE_STANDARD = "gnu++14";
				CLANG_CXX_LIBRARY = "libc++";
				CLANG_ENABLE_MODULES = YES;
				CLANG_ENABLE_OBJC_ARC = YES;
				CLANG_ENABLE_OBJC_WEAK = YES;
				CLANG_WARN_BLOCK_CAPTURE_AUTORELEASING = YES;
				CLANG_WARN_BOOL_CONVERSION = YES;
				CLANG_WARN_COMMA = YES;
				CLANG_WARN_CONSTANT_CONVERSION = YES;
				CLANG_WARN_DEPRECATED_OBJC_IMPLEMENTATIONS = YES;
				CLANG_WARN_DIRECT_OBJC_ISA_USAGE = YES_ERROR;
				CLANG_WARN_DOCUMENTATION_COMMENTS = YES;
				CLANG_WARN_EMPTY_BODY = YES;
				CLANG_WARN_ENUM_CONVERSION = YES;
				CLANG_WARN_INFINITE_RECURSION = YES;
				CLANG_WARN_INT_CONVERSION = YES;
				CLANG_WARN_NON_LITERAL_NULL_CONVERSION = YES;
				CLANG_WARN_OBJC_IMPLICIT_RETAIN_SELF = YES;
				CLANG_WARN_OBJC_LITERAL_CONVERSION = YES;
				CLANG_WARN_OBJC_ROOT_CLASS = YES_ERROR;
				CLANG_WARN_QUOTED_INCLUDE_IN_FRAMEWORK_HEADER = YES;
				CLANG_WARN_RANGE_LOOP_ANALYSIS = YES;
				CLANG_WARN_STRICT_PROTOTYPES = YES;
				CLANG_WARN_SUSPICIOUS_MOVE = YES;
				CLANG_WARN_UNGUARDED_AVAILABILITY = YES_AGGRESSIVE;
				CLANG_WARN_UNREACHABLE_CODE = YES;
				CLANG_WARN__DUPLICATE_METHOD_MATCH = YES;
				COPY_PHASE_STRIP = NO;
				DEBUG_INFORMATION_FORMAT = dwarf;
				ENABLE_STRICT_OBJC_MSGSEND = YES;
				ENABLE_TESTABILITY = YES;
				GCC_C_LANGUAGE_STANDARD = gnu11;
				GCC_DYNAMIC_NO_PIC = NO;
				GCC_NO_COMMON_BLOCKS = YES;
				GCC_OPTIMIZATION_LEVEL = 0;
				GCC_PREPROCESSOR_DEFINITIONS = (
					"DEBUG=1",
					"$(inherited)",
				);
				GCC_WARN_64_TO_32_BIT_CONVERSION = YES;
				GCC_WARN_ABOUT_RETURN_TYPE = YES_ERROR;
				GCC_WARN_UNDECLARED_SELECTOR = YES;
				GCC_WARN_UNINITIALIZED_AUTOS = YES_AGGRESSIVE;
				GCC_WARN_UNUSED_FUNCTION = YES;
				GCC_WARN_UNUSED_VARIABLE = YES;
				MTL_ENABLE_DEBUG_INFO = INCLUDE_SOURCE;
				MTL_FAST_MATH = YES;
				ONLY_ACTIVE_ARCH = YES;
				SWIFT_ACTIVE_COMPILATION_CONDITIONS = DEBUG;
				SWIFT_OPTIMIZATION_LEVEL = "-Onone";
			};
			name = Debug;
		};
		913DA41225CA02D9003CF9D5 /* Release */ = {
			isa = XCBuildConfiguration;
			buildSettings = {
				ALWAYS_SEARCH_USER_PATHS = NO;
				CLANG_ANALYZER_NONNULL = YES;
				CLANG_ANALYZER_NUMBER_OBJECT_CONVERSION = YES_AGGRESSIVE;
				CLANG_CXX_LANGUAGE_STANDARD = "gnu++14";
				CLANG_CXX_LIBRARY = "libc++";
				CLANG_ENABLE_MODULES = YES;
				CLANG_ENABLE_OBJC_ARC = YES;
				CLANG_ENABLE_OBJC_WEAK = YES;
				CLANG_WARN_BLOCK_CAPTURE_AUTORELEASING = YES;
				CLANG_WARN_BOOL_CONVERSION = YES;
				CLANG_WARN_COMMA = YES;
				CLANG_WARN_CONSTANT_CONVERSION = YES;
				CLANG_WARN_DEPRECATED_OBJC_IMPLEMENTATIONS = YES;
				CLANG_WARN_DIRECT_OBJC_ISA_USAGE = YES_ERROR;
				CLANG_WARN_DOCUMENTATION_COMMENTS = YES;
				CLANG_WARN_EMPTY_BODY = YES;
				CLANG_WARN_ENUM_CONVERSION = YES;
				CLANG_WARN_INFINITE_RECURSION = YES;
				CLANG_WARN_INT_CONVERSION = YES;
				CLANG_WARN_NON_LITERAL_NULL_CONVERSION = YES;
				CLANG_WARN_OBJC_IMPLICIT_RETAIN_SELF = YES;
				CLANG_WARN_OBJC_LITERAL_CONVERSION = YES;
				CLANG_WARN_OBJC_ROOT_CLASS = YES_ERROR;
				CLANG_WARN_QUOTED_INCLUDE_IN_FRAMEWORK_HEADER = YES;
				CLANG_WARN_RANGE_LOOP_ANALYSIS = YES;
				CLANG_WARN_STRICT_PROTOTYPES = YES;
				CLANG_WARN_SUSPICIOUS_MOVE = YES;
				CLANG_WARN_UNGUARDED_AVAILABILITY = YES_AGGRESSIVE;
				CLANG_WARN_UNREACHABLE_CODE = YES;
				CLANG_WARN__DUPLICATE_METHOD_MATCH = YES;
				COPY_PHASE_STRIP = NO;
				DEBUG_INFORMATION_FORMAT = "dwarf-with-dsym";
				ENABLE_NS_ASSERTIONS = NO;
				ENABLE_STRICT_OBJC_MSGSEND = YES;
				GCC_C_LANGUAGE_STANDARD = gnu11;
				GCC_NO_COMMON_BLOCKS = YES;
				GCC_WARN_64_TO_32_BIT_CONVERSION = YES;
				GCC_WARN_ABOUT_RETURN_TYPE = YES_ERROR;
				GCC_WARN_UNDECLARED_SELECTOR = YES;
				GCC_WARN_UNINITIALIZED_AUTOS = YES_AGGRESSIVE;
				GCC_WARN_UNUSED_FUNCTION = YES;
				GCC_WARN_UNUSED_VARIABLE = YES;
				MTL_ENABLE_DEBUG_INFO = NO;
				MTL_FAST_MATH = YES;
				SWIFT_COMPILATION_MODE = wholemodule;
				SWIFT_OPTIMIZATION_LEVEL = "-O";
			};
			name = Release;
		};
		913DA41425CA02D9003CF9D5 /* Debug */ = {
			isa = XCBuildConfiguration;
			buildSettings = {
				ASSETCATALOG_COMPILER_APPICON_NAME = AppIcon;
				ASSETCATALOG_COMPILER_GLOBAL_ACCENT_COLOR_NAME = AccentColor;
				CODE_SIGN_STYLE = Automatic;
				DEVELOPMENT_TEAM = RP3TV2HAFG;
				ENABLE_PREVIEWS = YES;
				INFOPLIST_FILE = iOS/Info.plist;
				IPHONEOS_DEPLOYMENT_TARGET = 14.0;
				LD_RUNPATH_SEARCH_PATHS = (
					"$(inherited)",
					"@executable_path/Frameworks",
				);
				PRODUCT_BUNDLE_IDENTIFIER = "co.rhysmorgan.TCA-Playground";
				PRODUCT_NAME = "TCA-Playground";
				SDKROOT = iphoneos;
				SWIFT_VERSION = 5.0;
				TARGETED_DEVICE_FAMILY = "1,2";
			};
			name = Debug;
		};
		913DA41525CA02D9003CF9D5 /* Release */ = {
			isa = XCBuildConfiguration;
			buildSettings = {
				ASSETCATALOG_COMPILER_APPICON_NAME = AppIcon;
				ASSETCATALOG_COMPILER_GLOBAL_ACCENT_COLOR_NAME = AccentColor;
				CODE_SIGN_STYLE = Automatic;
				DEVELOPMENT_TEAM = RP3TV2HAFG;
				ENABLE_PREVIEWS = YES;
				INFOPLIST_FILE = iOS/Info.plist;
				IPHONEOS_DEPLOYMENT_TARGET = 14.0;
				LD_RUNPATH_SEARCH_PATHS = (
					"$(inherited)",
					"@executable_path/Frameworks",
				);
				PRODUCT_BUNDLE_IDENTIFIER = "co.rhysmorgan.TCA-Playground";
				PRODUCT_NAME = "TCA-Playground";
				SDKROOT = iphoneos;
				SWIFT_VERSION = 5.0;
				TARGETED_DEVICE_FAMILY = "1,2";
				VALIDATE_PRODUCT = YES;
			};
			name = Release;
		};
		913DA41725CA02D9003CF9D5 /* Debug */ = {
			isa = XCBuildConfiguration;
			buildSettings = {
				ASSETCATALOG_COMPILER_APPICON_NAME = AppIcon;
				ASSETCATALOG_COMPILER_GLOBAL_ACCENT_COLOR_NAME = AccentColor;
				CODE_SIGN_ENTITLEMENTS = macOS/macOS.entitlements;
				CODE_SIGN_STYLE = Automatic;
				COMBINE_HIDPI_IMAGES = YES;
				DEVELOPMENT_TEAM = RP3TV2HAFG;
				ENABLE_HARDENED_RUNTIME = YES;
				ENABLE_PREVIEWS = YES;
				INFOPLIST_FILE = macOS/Info.plist;
				LD_RUNPATH_SEARCH_PATHS = (
					"$(inherited)",
					"@executable_path/../Frameworks",
				);
				MACOSX_DEPLOYMENT_TARGET = 11.0;
				PRODUCT_BUNDLE_IDENTIFIER = "co.rhysmorgan.TCA-Playground";
				PRODUCT_NAME = "TCA-Playground";
				SDKROOT = macosx;
				SWIFT_VERSION = 5.0;
			};
			name = Debug;
		};
		913DA41825CA02D9003CF9D5 /* Release */ = {
			isa = XCBuildConfiguration;
			buildSettings = {
				ASSETCATALOG_COMPILER_APPICON_NAME = AppIcon;
				ASSETCATALOG_COMPILER_GLOBAL_ACCENT_COLOR_NAME = AccentColor;
				CODE_SIGN_ENTITLEMENTS = macOS/macOS.entitlements;
				CODE_SIGN_STYLE = Automatic;
				COMBINE_HIDPI_IMAGES = YES;
				DEVELOPMENT_TEAM = RP3TV2HAFG;
				ENABLE_HARDENED_RUNTIME = YES;
				ENABLE_PREVIEWS = YES;
				INFOPLIST_FILE = macOS/Info.plist;
				LD_RUNPATH_SEARCH_PATHS = (
					"$(inherited)",
					"@executable_path/../Frameworks",
				);
				MACOSX_DEPLOYMENT_TARGET = 11.0;
				PRODUCT_BUNDLE_IDENTIFIER = "co.rhysmorgan.TCA-Playground";
				PRODUCT_NAME = "TCA-Playground";
				SDKROOT = macosx;
				SWIFT_VERSION = 5.0;
			};
			name = Release;
		};
/* End XCBuildConfiguration section */

/* Begin XCConfigurationList section */
		913DA3F625CA02D7003CF9D5 /* Build configuration list for PBXProject "TCA-Playground" */ = {
			isa = XCConfigurationList;
			buildConfigurations = (
				913DA41125CA02D9003CF9D5 /* Debug */,
				913DA41225CA02D9003CF9D5 /* Release */,
			);
			defaultConfigurationIsVisible = 0;
			defaultConfigurationName = Release;
		};
		913DA41325CA02D9003CF9D5 /* Build configuration list for PBXNativeTarget "TCA-Playground (iOS)" */ = {
			isa = XCConfigurationList;
			buildConfigurations = (
				913DA41425CA02D9003CF9D5 /* Debug */,
				913DA41525CA02D9003CF9D5 /* Release */,
			);
			defaultConfigurationIsVisible = 0;
			defaultConfigurationName = Release;
		};
		913DA41625CA02D9003CF9D5 /* Build configuration list for PBXNativeTarget "TCA-Playground (macOS)" */ = {
			isa = XCConfigurationList;
			buildConfigurations = (
				913DA41725CA02D9003CF9D5 /* Debug */,
				913DA41825CA02D9003CF9D5 /* Release */,
			);
			defaultConfigurationIsVisible = 0;
			defaultConfigurationName = Release;
		};
/* End XCConfigurationList section */

/* Begin XCRemoteSwiftPackageReference section */
		913DA41B25CA036E003CF9D5 /* XCRemoteSwiftPackageReference "swift-composable-architecture" */ = {
			isa = XCRemoteSwiftPackageReference;
			repositoryURL = "https://github.com/pointfreeco/swift-composable-architecture";
			requirement = {
				kind = upToNextMajorVersion;
				minimumVersion = 0.13.0;
			};
		};
/* End XCRemoteSwiftPackageReference section */

/* Begin XCSwiftPackageProductDependency section */
		913DA41C25CA036E003CF9D5 /* ComposableArchitecture */ = {
			isa = XCSwiftPackageProductDependency;
			package = 913DA41B25CA036E003CF9D5 /* XCRemoteSwiftPackageReference "swift-composable-architecture" */;
			productName = ComposableArchitecture;
		};
		913DA42125CA037C003CF9D5 /* ComposableArchitecture */ = {
			isa = XCSwiftPackageProductDependency;
			package = 913DA41B25CA036E003CF9D5 /* XCRemoteSwiftPackageReference "swift-composable-architecture" */;
			productName = ComposableArchitecture;
		};
/* End XCSwiftPackageProductDependency section */
	};
	rootObject = 913DA3F325CA02D7003CF9D5 /* Project object */;
}
